
Microsoft Visual Studio Solution File, Format Version 12.00
# Visual Studio Version 16
VisualStudioVersion = 16.0.31911.196
MinimumVisualStudioVersion = 10.0.40219.1
Project("{FAE04EC0-301F-11D3-BF4B-00C04F79EFBC}") = "laba_xl", "laba_xl\laba_xl.csproj", "{EFAB7064-E14F-4763-9C39-FB8F19F3D9A1}"
EndProject
Project("{FAE04EC0-301F-11D3-BF4B-00C04F79EFBC}") = "UnitTestProject1", "UnitTestProject1\UnitTestProject1.csproj", "{32E533CB-8AC7-4FB0-8E5D-EAEC510DFCC9}"
EndProject
Project("{FAE04EC0-301F-11D3-BF4B-00C04F79EFBC}") = "UnitTestProject2", "UnitTestProject2\UnitTestProject2.csproj", "{10AF0B65-3590-4DB4-B1ED-84F255634C42}"
EndProject
Global
	GlobalSection(SolutionConfigurationPlatforms) = preSolution
		Debug|Any CPU = Debug|Any CPU
		Release|Any CPU = Release|Any CPU
	EndGlobalSection
	GlobalSection(ProjectConfigurationPlatforms) = postSolution
		{EFAB7064-E14F-4763-9C39-FB8F19F3D9A1}.Debug|Any CPU.ActiveCfg = Debug|Any CPU
		{EFAB7064-E14F-4763-9C39-FB8F19F3D9A1}.Debug|Any CPU.Build.0 = Debug|Any CPU
		{EFAB7064-E14F-4763-9C39-FB8F19F3D9A1}.Release|Any CPU.ActiveCfg = Release|Any CPU
		{EFAB7064-E14F-4763-9C39-FB8F19F3D9A1}.Release|Any CPU.Build.0 = Release|Any CPU
		{32E533CB-8AC7-4FB0-8E5D-EAEC510DFCC9}.Debug|Any CPU.ActiveCfg = Debug|Any CPU
		{32E533CB-8AC7-4FB0-8E5D-EAEC510DFCC9}.Debug|Any CPU.Build.0 = Debug|Any CPU
		{32E533CB-8AC7-4FB0-8E5D-EAEC510DFCC9}.Release|Any CPU.ActiveCfg = Release|Any CPU
		{32E533CB-8AC7-4FB0-8E5D-EAEC510DFCC9}.Release|Any CPU.Build.0 = Release|Any CPU
		{10AF0B65-3590-4DB4-B1ED-84F255634C42}.Debug|Any CPU.ActiveCfg = Debug|Any CPU
		{10AF0B65-3590-4DB4-B1ED-84F255634C42}.Debug|Any CPU.Build.0 = Debug|Any CPU
		{10AF0B65-3590-4DB4-B1ED-84F255634C42}.Release|Any CPU.ActiveCfg = Release|Any CPU
		{10AF0B65-3590-4DB4-B1ED-84F255634C42}.Release|Any CPU.Build.0 = Release|Any CPU
	EndGlobalSection
	GlobalSection(SolutionProperties) = preSolution
		HideSolutionNode = FALSE
	EndGlobalSection
	GlobalSection(ExtensibilityGlobals) = postSolution
		SolutionGuid = {67CD15C1-9A5A-4959-9CEC-0A6681816C31}
	EndGlobalSection
EndGlobal
